schema: '2.0'
stages:
  train:
    cmd: python src/train.py
    deps:
    - path: data/hymenoptera_data/train
      md5: 3cbe2cabaea715756ad7fe9da5109588.dir
      size: 27229047
      nfiles: 245
    - path: src/train.py
      md5: 12680f3b0811db479a0f3694bbe597d0
      size: 3651
    params:
      params.yaml:
        base:
          random_seed: 42
        train:
          device: cpu
          num_epochs: 20
          batch_size: 8
          learning_rate: 0.001
    outs:
    - path: metrics.json
      md5: effcab540b2bb7539bd7e89ba0fdd7c7
      size: 174
    - path: model/model.pkl
      md5: 40250cb2628c1814f06371096d050492
      size: 44796238
  evaluate:
    cmd: python src/evaluate.py
    deps:
    - path: data/hymenoptera_data/val
      md5: 04bf79378292fdf4f36e721eb0134199.dir
      size: 20156877
      nfiles: 153
    - path: model/model.pkl
      md5: 40250cb2628c1814f06371096d050492
      size: 44796238
    - path: src/evaluate.py
      md5: 0008d81ae1afdf9bc2fbfb630b57e592
      size: 3356
    params:
      params.yaml:
        base:
          random_seed: 42
        evaluate:
          device: cpu
          batch_size: 8
    outs:
    - path: metrics_eval.json
      md5: 3aa30f741ce75fb57ef8cbbfab6b52a1
      size: 127
